
Microsoft Visual Studio Solution File, Format Version 12.00
# Visual Studio 2012
Project("{FAE04EC0-301F-11D3-BF4B-00C04F79EFBC}") = "3 savarankisko darbo uzduotis", "3 savarankisko darbo uzduotis\3 savarankisko darbo uzduotis.csproj", "{2E9EBE79-2DA0-49F5-8EE6-ADBBE4F283A1}"
EndProject
Global
	GlobalSection(SolutionConfigurationPlatforms) = preSolution
		Debug|Any CPU = Debug|Any CPU
		Release|Any CPU = Release|Any CPU
	EndGlobalSection
	GlobalSection(ProjectConfigurationPlatforms) = postSolution
		{2E9EBE79-2DA0-49F5-8EE6-ADBBE4F283A1}.Debug|Any CPU.ActiveCfg = Debug|Any CPU
		{2E9EBE79-2DA0-49F5-8EE6-ADBBE4F283A1}.Debug|Any CPU.Build.0 = Debug|Any CPU
		{2E9EBE79-2DA0-49F5-8EE6-ADBBE4F283A1}.Release|Any CPU.ActiveCfg = Release|Any CPU
		{2E9EBE79-2DA0-49F5-8EE6-ADBBE4F283A1}.Release|Any CPU.Build.0 = Release|Any CPU
	EndGlobalSection
	GlobalSection(SolutionProperties) = preSolution
		HideSolutionNode = FALSE
	EndGlobalSection
EndGlobal
